
Microsoft Visual Studio Solution File, Format Version 12.00
# Visual Studio Version 17
VisualStudioVersion = 17.14.36429.23 d17.14
MinimumVisualStudioVersion = 10.0.40219.1
Project("{FAE04EC0-301F-11D3-BF4B-00C04F79EFBC}") = "DataStructureTutorial", "DataStructureTutorial\DataStructureTutorial.csproj", "{69AEFA6A-BA95-4F02-BB2C-A8686699F8CC}"
EndProject
Global
	GlobalSection(SolutionConfigurationPlatforms) = preSolution
		Debug|Any CPU = Debug|Any CPU
		Release|Any CPU = Release|Any CPU
	EndGlobalSection
	GlobalSection(ProjectConfigurationPlatforms) = postSolution
		{69AEFA6A-BA95-4F02-BB2C-A8686699F8CC}.Debug|Any CPU.ActiveCfg = Debug|Any CPU
		{69AEFA6A-BA95-4F02-BB2C-A8686699F8CC}.Debug|Any CPU.Build.0 = Debug|Any CPU
		{69AEFA6A-BA95-4F02-BB2C-A8686699F8CC}.Release|Any CPU.ActiveCfg = Release|Any CPU
		{69AEFA6A-BA95-4F02-BB2C-A8686699F8CC}.Release|Any CPU.Build.0 = Release|Any CPU
	EndGlobalSection
	GlobalSection(SolutionProperties) = preSolution
		HideSolutionNode = FALSE
	EndGlobalSection
	GlobalSection(ExtensibilityGlobals) = postSolution
		SolutionGuid = {0B437D94-3CED-4929-860B-AC7088A4E2B2}
	EndGlobalSection
EndGlobal
